
Microsoft Visual Studio Solution File, Format Version 12.00
# Visual Studio Version 16
VisualStudioVersion = 16.0.30413.136
MinimumVisualStudioVersion = 10.0.40219.1
Project("{888888A0-9F3D-457C-B088-3A5042F75D52}") = "myPortofolio", "myPortofolio.pyproj", "{C90F46B0-DAA9-4F0E-B885-1BD25DFE82BE}"
EndProject
Project("{2150E333-8FDC-42A3-9474-1A3956D46DE8}") = "Solution Items", "Solution Items", "{71BC0DB9-224A-4271-8506-30D20A894186}"
EndProject
Global
	GlobalSection(SolutionConfigurationPlatforms) = preSolution
		Debug|Any CPU = Debug|Any CPU
		Release|Any CPU = Release|Any CPU
	EndGlobalSection
	GlobalSection(ProjectConfigurationPlatforms) = postSolution
		{C90F46B0-DAA9-4F0E-B885-1BD25DFE82BE}.Debug|Any CPU.ActiveCfg = Debug|Any CPU
		{C90F46B0-DAA9-4F0E-B885-1BD25DFE82BE}.Release|Any CPU.ActiveCfg = Release|Any CPU
	EndGlobalSection
	GlobalSection(SolutionProperties) = preSolution
		HideSolutionNode = FALSE
	EndGlobalSection
	GlobalSection(ExtensibilityGlobals) = postSolution
		SolutionGuid = {F01E0677-7899-48D3-A0D7-7AC732583D1B}
	EndGlobalSection
EndGlobal
